
Microsoft Visual Studio Solution File, Format Version 12.00
# Visual Studio Version 16
VisualStudioVersion = 16.0.30523.141
MinimumVisualStudioVersion = 10.0.40219.1
Project("{9A19103F-16F7-4668-BE54-9A1E7A4F7556}") = "AzureDevOpsAngular.Services", "AzureDevOpsAngular.Services\AzureDevOpsAngular.Services.csproj", "{44779B0F-00A4-4693-A2ED-41E7F0C78FD5}"
EndProject
Global
	GlobalSection(SolutionConfigurationPlatforms) = preSolution
		Debug|Any CPU = Debug|Any CPU
		Release|Any CPU = Release|Any CPU
	EndGlobalSection
	GlobalSection(ProjectConfigurationPlatforms) = postSolution
		{44779B0F-00A4-4693-A2ED-41E7F0C78FD5}.Debug|Any CPU.ActiveCfg = Debug|Any CPU
		{44779B0F-00A4-4693-A2ED-41E7F0C78FD5}.Debug|Any CPU.Build.0 = Debug|Any CPU
		{44779B0F-00A4-4693-A2ED-41E7F0C78FD5}.Release|Any CPU.ActiveCfg = Release|Any CPU
		{44779B0F-00A4-4693-A2ED-41E7F0C78FD5}.Release|Any CPU.Build.0 = Release|Any CPU
	EndGlobalSection
	GlobalSection(SolutionProperties) = preSolution
		HideSolutionNode = FALSE
	EndGlobalSection
	GlobalSection(ExtensibilityGlobals) = postSolution
		SolutionGuid = {5909CE5B-71FC-4112-896A-63E4592F4468}
	EndGlobalSection
EndGlobal
